
Microsoft Visual Studio Solution File, Format Version 12.00
# Visual Studio Version 17
VisualStudioVersion = 17.11.35303.130
MinimumVisualStudioVersion = 10.0.40219.1
Project("{FAE04EC0-301F-11D3-BF4B-00C04F79EFBC}") = "BlazorApp1", "BlazorApp1\BlazorApp1.csproj", "{6B690A1B-E4FF-4DAA-8A75-404E7123BFF2}"
EndProject
Global
	GlobalSection(SolutionConfigurationPlatforms) = preSolution
		Debug|Any CPU = Debug|Any CPU
		Release|Any CPU = Release|Any CPU
	EndGlobalSection
	GlobalSection(ProjectConfigurationPlatforms) = postSolution
		{6B690A1B-E4FF-4DAA-8A75-404E7123BFF2}.Debug|Any CPU.ActiveCfg = Debug|Any CPU
		{6B690A1B-E4FF-4DAA-8A75-404E7123BFF2}.Debug|Any CPU.Build.0 = Debug|Any CPU
		{6B690A1B-E4FF-4DAA-8A75-404E7123BFF2}.Release|Any CPU.ActiveCfg = Release|Any CPU
		{6B690A1B-E4FF-4DAA-8A75-404E7123BFF2}.Release|Any CPU.Build.0 = Release|Any CPU
	EndGlobalSection
	GlobalSection(SolutionProperties) = preSolution
		HideSolutionNode = FALSE
	EndGlobalSection
	GlobalSection(ExtensibilityGlobals) = postSolution
		SolutionGuid = {B635CCFD-C7BC-47AD-BF7C-AA17262741A3}
	EndGlobalSection
EndGlobal
